
Microsoft Visual Studio Solution File, Format Version 12.00
# Visual Studio 2012
Project("{FAE04EC0-301F-11D3-BF4B-00C04F79EFBC}") = "ForgetMeNot.DataStructures", "src\DataStructures\ForgetMeNot.DataStructures.csproj", "{B9E7FF0E-B1BD-4882-BF20-2DEA75248E47}"
EndProject
Project("{FAE04EC0-301F-11D3-BF4B-00C04F79EFBC}") = "ForgetMeNot.DataStructures.Tests", "src\DataStructures.Tests\ForgetMeNot.DataStructures.Tests.csproj", "{B20D7DDC-CC81-42C1-97D6-0A4A7AB54376}"
EndProject
Project("{FAE04EC0-301F-11D3-BF4B-00C04F79EFBC}") = "ForgetMeNot.Common", "src\Common\ForgetMeNot.Common.csproj", "{D2A0D6A8-7826-4687-AB47-0055D773286B}"
EndProject
Project("{FAE04EC0-301F-11D3-BF4B-00C04F79EFBC}") = "ForgetMeNot.Core", "src\Core\ForgetMeNot.Core.csproj", "{147ABD45-1303-4B40-A0C2-40089EAF5175}"
EndProject
Project("{FAE04EC0-301F-11D3-BF4B-00C04F79EFBC}") = "ForgetMeNot.Core.Tests", "src\Core.Tests\ForgetMeNot.Core.Tests.csproj", "{D56953EB-1CAE-4135-83BB-F9BAF244C1E1}"
EndProject
Project("{FAE04EC0-301F-11D3-BF4B-00C04F79EFBC}") = "ForgetMeNot.Messages", "src\Messages\ForgetMeNot.Messages.csproj", "{5F9F098A-A02A-40C3-9C99-15B50069B81C}"
EndProject
Project("{FAE04EC0-301F-11D3-BF4B-00C04F79EFBC}") = "ForgetMeNot.API.HTTP", "src\API.HTTP\ForgetMeNot.API.HTTP.csproj", "{595454FF-7511-4E5B-A8C7-E72A17B8FCDA}"
EndProject
Project("{FAE04EC0-301F-11D3-BF4B-00C04F79EFBC}") = "Bank", "Bank\Bank.csproj", "{E9AA8F7D-CA46-4D22-A5E1-119666BFF758}"
EndProject
Global
	GlobalSection(SolutionConfigurationPlatforms) = preSolution
		Debug|Any CPU = Debug|Any CPU
		Release|Any CPU = Release|Any CPU
	EndGlobalSection
	GlobalSection(ProjectConfigurationPlatforms) = postSolution
		{B9E7FF0E-B1BD-4882-BF20-2DEA75248E47}.Debug|Any CPU.ActiveCfg = Debug|Any CPU
		{B9E7FF0E-B1BD-4882-BF20-2DEA75248E47}.Debug|Any CPU.Build.0 = Debug|Any CPU
		{B9E7FF0E-B1BD-4882-BF20-2DEA75248E47}.Release|Any CPU.ActiveCfg = Release|Any CPU
		{B9E7FF0E-B1BD-4882-BF20-2DEA75248E47}.Release|Any CPU.Build.0 = Release|Any CPU
		{B20D7DDC-CC81-42C1-97D6-0A4A7AB54376}.Debug|Any CPU.ActiveCfg = Debug|Any CPU
		{B20D7DDC-CC81-42C1-97D6-0A4A7AB54376}.Debug|Any CPU.Build.0 = Debug|Any CPU
		{B20D7DDC-CC81-42C1-97D6-0A4A7AB54376}.Release|Any CPU.ActiveCfg = Release|Any CPU
		{B20D7DDC-CC81-42C1-97D6-0A4A7AB54376}.Release|Any CPU.Build.0 = Release|Any CPU
		{D2A0D6A8-7826-4687-AB47-0055D773286B}.Debug|Any CPU.ActiveCfg = Debug|Any CPU
		{D2A0D6A8-7826-4687-AB47-0055D773286B}.Debug|Any CPU.Build.0 = Debug|Any CPU
		{D2A0D6A8-7826-4687-AB47-0055D773286B}.Release|Any CPU.ActiveCfg = Release|Any CPU
		{D2A0D6A8-7826-4687-AB47-0055D773286B}.Release|Any CPU.Build.0 = Release|Any CPU
		{147ABD45-1303-4B40-A0C2-40089EAF5175}.Debug|Any CPU.ActiveCfg = Debug|Any CPU
		{147ABD45-1303-4B40-A0C2-40089EAF5175}.Debug|Any CPU.Build.0 = Debug|Any CPU
		{147ABD45-1303-4B40-A0C2-40089EAF5175}.Release|Any CPU.ActiveCfg = Release|Any CPU
		{147ABD45-1303-4B40-A0C2-40089EAF5175}.Release|Any CPU.Build.0 = Release|Any CPU
		{D56953EB-1CAE-4135-83BB-F9BAF244C1E1}.Debug|Any CPU.ActiveCfg = Debug|Any CPU
		{D56953EB-1CAE-4135-83BB-F9BAF244C1E1}.Debug|Any CPU.Build.0 = Debug|Any CPU
		{D56953EB-1CAE-4135-83BB-F9BAF244C1E1}.Release|Any CPU.ActiveCfg = Release|Any CPU
		{D56953EB-1CAE-4135-83BB-F9BAF244C1E1}.Release|Any CPU.Build.0 = Release|Any CPU
		{5F9F098A-A02A-40C3-9C99-15B50069B81C}.Debug|Any CPU.ActiveCfg = Debug|Any CPU
		{5F9F098A-A02A-40C3-9C99-15B50069B81C}.Debug|Any CPU.Build.0 = Debug|Any CPU
		{5F9F098A-A02A-40C3-9C99-15B50069B81C}.Release|Any CPU.ActiveCfg = Release|Any CPU
		{5F9F098A-A02A-40C3-9C99-15B50069B81C}.Release|Any CPU.Build.0 = Release|Any CPU
		{595454FF-7511-4E5B-A8C7-E72A17B8FCDA}.Debug|Any CPU.ActiveCfg = Debug|Any CPU
		{595454FF-7511-4E5B-A8C7-E72A17B8FCDA}.Debug|Any CPU.Build.0 = Debug|Any CPU
		{595454FF-7511-4E5B-A8C7-E72A17B8FCDA}.Release|Any CPU.ActiveCfg = Release|Any CPU
		{595454FF-7511-4E5B-A8C7-E72A17B8FCDA}.Release|Any CPU.Build.0 = Release|Any CPU
		{E9AA8F7D-CA46-4D22-A5E1-119666BFF758}.Debug|Any CPU.ActiveCfg = Debug|Any CPU
		{E9AA8F7D-CA46-4D22-A5E1-119666BFF758}.Debug|Any CPU.Build.0 = Debug|Any CPU
		{E9AA8F7D-CA46-4D22-A5E1-119666BFF758}.Release|Any CPU.ActiveCfg = Release|Any CPU
		{E9AA8F7D-CA46-4D22-A5E1-119666BFF758}.Release|Any CPU.Build.0 = Release|Any CPU
	EndGlobalSection
	GlobalSection(SolutionProperties) = preSolution
		HideSolutionNode = FALSE
	EndGlobalSection
EndGlobal
